
Microsoft Visual Studio Solution File, Format Version 12.00
# Visual Studio Version 17
VisualStudioVersion = 17.8.34525.116
MinimumVisualStudioVersion = 10.0.40219.1
Project("{F184B08F-C81C-45F6-A57F-5ABD9991F28F}") = "EEProm_Tool", "EEProm_Tool.vbproj", "{34200C24-7095-42AC-BD69-31FC5DE31C19}"
EndProject
Global
	GlobalSection(SolutionConfigurationPlatforms) = preSolution
		Debug|Any CPU = Debug|Any CPU
		Release|Any CPU = Release|Any CPU
	EndGlobalSection
	GlobalSection(ProjectConfigurationPlatforms) = postSolution
		{34200C24-7095-42AC-BD69-31FC5DE31C19}.Debug|Any CPU.ActiveCfg = Debug|Any CPU
		{34200C24-7095-42AC-BD69-31FC5DE31C19}.Debug|Any CPU.Build.0 = Debug|Any CPU
		{34200C24-7095-42AC-BD69-31FC5DE31C19}.Release|Any CPU.ActiveCfg = Release|Any CPU
		{34200C24-7095-42AC-BD69-31FC5DE31C19}.Release|Any CPU.Build.0 = Release|Any CPU
	EndGlobalSection
	GlobalSection(SolutionProperties) = preSolution
		HideSolutionNode = FALSE
	EndGlobalSection
	GlobalSection(ExtensibilityGlobals) = postSolution
		SolutionGuid = {814DB53B-9AB6-4344-AB56-323336076D29}
	EndGlobalSection
EndGlobal
